// !$*UTF8*$!
{
	archiveVersion = 1;
	classes = {
	};
	objectVersion = 77;
	objects = {

/* Begin PBXBuildFile section */
		666B849A2CC2EEE2004ABC96 /* malformed.json in Resources */ = {isa = PBXBuildFile; fileRef = 666B84972CC2EEE2004ABC96 /* malformed.json */; };
		666B849B2CC2EEE2004ABC96 /* empty.json in Resources */ = {isa = PBXBuildFile; fileRef = 666B84962CC2EEE2004ABC96 /* empty.json */; };
		666B849C2CC2EEE2004ABC96 /* valid.json in Resources */ = {isa = PBXBuildFile; fileRef = 666B84982CC2EEE2004ABC96 /* valid.json */; };
		666B849D2CC2EEE2004ABC96 /* malformed.json in Resources */ = {isa = PBXBuildFile; fileRef = 666B84972CC2EEE2004ABC96 /* malformed.json */; };
		666B849E2CC2EEE2004ABC96 /* empty.json in Resources */ = {isa = PBXBuildFile; fileRef = 666B84962CC2EEE2004ABC96 /* empty.json */; };
		666B849F2CC2EEE2004ABC96 /* valid.json in Resources */ = {isa = PBXBuildFile; fileRef = 666B84982CC2EEE2004ABC96 /* valid.json */; };
		DD4883282CC048300003CA4E /* OpenAPIClient in Frameworks */ = {isa = PBXBuildFile; productRef = DD4883272CC048300003CA4E /* OpenAPIClient */; };
		DD48833A2CC16C450003CA4E /* ComposableArchitecture in Frameworks */ = {isa = PBXBuildFile; productRef = DD4883392CC16C450003CA4E /* ComposableArchitecture */; };
		DD48839C2CC2A8D30003CA4E /* NetworkReachability in Frameworks */ = {isa = PBXBuildFile; productRef = DD48839B2CC2A8D30003CA4E /* NetworkReachability */; };
		DD4883FF2CC2DD590003CA4E /* Kingfisher in Frameworks */ = {isa = PBXBuildFile; productRef = DD4883FE2CC2DD590003CA4E /* Kingfisher */; };
/* End PBXBuildFile section */

/* Begin PBXContainerItemProxy section */
		DD8E80192CC046A300163EBF /* PBXContainerItemProxy */ = {
			isa = PBXContainerItemProxy;
			containerPortal = DD8E80002CC046A200163EBF /* Project object */;
			proxyType = 1;
			remoteGlobalIDString = DD8E80072CC046A200163EBF;
			remoteInfo = Recipes;
		};
/* End PBXContainerItemProxy section */

/* Begin PBXFileReference section */
		666B84962CC2EEE2004ABC96 /* empty.json */ = {isa = PBXFileReference; lastKnownFileType = text.json; path = empty.json; sourceTree = "<group>"; };
		666B84972CC2EEE2004ABC96 /* malformed.json */ = {isa = PBXFileReference; lastKnownFileType = text.json; path = malformed.json; sourceTree = "<group>"; };
		666B84982CC2EEE2004ABC96 /* valid.json */ = {isa = PBXFileReference; lastKnownFileType = text.json; path = valid.json; sourceTree = "<group>"; };
		DD8E80082CC046A200163EBF /* Recipes.app */ = {isa = PBXFileReference; explicitFileType = wrapper.application; includeInIndex = 0; path = Recipes.app; sourceTree = BUILT_PRODUCTS_DIR; };
		DD8E80182CC046A300163EBF /* RecipesTests.xctest */ = {isa = PBXFileReference; explicitFileType = wrapper.cfbundle; includeInIndex = 0; path = RecipesTests.xctest; sourceTree = BUILT_PRODUCTS_DIR; };
/* End PBXFileReference section */

/* Begin PBXFileSystemSynchronizedRootGroup section */
		DD8E800A2CC046A200163EBF /* Recipes */ = {
			isa = PBXFileSystemSynchronizedRootGroup;
			path = Recipes;
			sourceTree = "<group>";
		};
		DD8E801B2CC046A300163EBF /* RecipesTests */ = {
			isa = PBXFileSystemSynchronizedRootGroup;
			path = RecipesTests;
			sourceTree = "<group>";
		};
/* End PBXFileSystemSynchronizedRootGroup section */

/* Begin PBXFrameworksBuildPhase section */
		DD8E80052CC046A200163EBF /* Frameworks */ = {
			isa = PBXFrameworksBuildPhase;
			buildActionMask = 2147483647;
			files = (
				DD4883FF2CC2DD590003CA4E /* Kingfisher in Frameworks */,
				DD48839C2CC2A8D30003CA4E /* NetworkReachability in Frameworks */,
				DD48833A2CC16C450003CA4E /* ComposableArchitecture in Frameworks */,
				DD4883282CC048300003CA4E /* OpenAPIClient in Frameworks */,
			);
			runOnlyForDeploymentPostprocessing = 0;
		};
		DD8E80152CC046A300163EBF /* Frameworks */ = {
			isa = PBXFrameworksBuildPhase;
			buildActionMask = 2147483647;
			files = (
			);
			runOnlyForDeploymentPostprocessing = 0;
		};
/* End PBXFrameworksBuildPhase section */

/* Begin PBXGroup section */
		666B84992CC2EEE2004ABC96 /* Mocks */ = {
			isa = PBXGroup;
			children = (
				666B84962CC2EEE2004ABC96 /* empty.json */,
				666B84972CC2EEE2004ABC96 /* malformed.json */,
				666B84982CC2EEE2004ABC96 /* valid.json */,
			);
			path = Mocks;
			sourceTree = "<group>";
		};
		DD8E7FFF2CC046A200163EBF = {
			isa = PBXGroup;
			children = (
				666B84992CC2EEE2004ABC96 /* Mocks */,
				DD8E800A2CC046A200163EBF /* Recipes */,
				DD8E801B2CC046A300163EBF /* RecipesTests */,
				DD8E80092CC046A200163EBF /* Products */,
			);
			sourceTree = "<group>";
		};
		DD8E80092CC046A200163EBF /* Products */ = {
			isa = PBXGroup;
			children = (
				DD8E80082CC046A200163EBF /* Recipes.app */,
				DD8E80182CC046A300163EBF /* RecipesTests.xctest */,
			);
			name = Products;
			sourceTree = "<group>";
		};
/* End PBXGroup section */

/* Begin PBXNativeTarget section */
		DD8E80072CC046A200163EBF /* Recipes */ = {
			isa = PBXNativeTarget;
			buildConfigurationList = DD8E802C2CC046A300163EBF /* Build configuration list for PBXNativeTarget "Recipes" */;
			buildPhases = (
				DD8E80042CC046A200163EBF /* Sources */,
				DD8E80052CC046A200163EBF /* Frameworks */,
				DD8E80062CC046A200163EBF /* Resources */,
			);
			buildRules = (
			);
			dependencies = (
			);
			fileSystemSynchronizedGroups = (
				DD8E800A2CC046A200163EBF /* Recipes */,
			);
			name = Recipes;
			packageProductDependencies = (
				DD4883272CC048300003CA4E /* OpenAPIClient */,
				DD4883392CC16C450003CA4E /* ComposableArchitecture */,
				DD48839B2CC2A8D30003CA4E /* NetworkReachability */,
				DD4883FE2CC2DD590003CA4E /* Kingfisher */,
			);
			productName = Recipes;
			productReference = DD8E80082CC046A200163EBF /* Recipes.app */;
			productType = "com.apple.product-type.application";
		};
		DD8E80172CC046A300163EBF /* RecipesTests */ = {
			isa = PBXNativeTarget;
			buildConfigurationList = DD8E802F2CC046A300163EBF /* Build configuration list for PBXNativeTarget "RecipesTests" */;
			buildPhases = (
				DD8E80142CC046A300163EBF /* Sources */,
				DD8E80152CC046A300163EBF /* Frameworks */,
				DD8E80162CC046A300163EBF /* Resources */,
			);
			buildRules = (
			);
			dependencies = (
				DD8E801A2CC046A300163EBF /* PBXTargetDependency */,
			);
			fileSystemSynchronizedGroups = (
				DD8E801B2CC046A300163EBF /* RecipesTests */,
			);
			name = RecipesTests;
			packageProductDependencies = (
			);
			productName = RecipesTests;
			productReference = DD8E80182CC046A300163EBF /* RecipesTests.xctest */;
			productType = "com.apple.product-type.bundle.unit-test";
		};
/* End PBXNativeTarget section */

/* Begin PBXProject section */
		DD8E80002CC046A200163EBF /* Project object */ = {
			isa = PBXProject;
			attributes = {
				BuildIndependentTargetsInParallel = 1;
				LastSwiftUpdateCheck = 1600;
				LastUpgradeCheck = 1600;
				TargetAttributes = {
					DD8E80072CC046A200163EBF = {
						CreatedOnToolsVersion = 16.0;
					};
					DD8E80172CC046A300163EBF = {
						CreatedOnToolsVersion = 16.0;
						TestTargetID = DD8E80072CC046A200163EBF;
					};
				};
			};
			buildConfigurationList = DD8E80032CC046A200163EBF /* Build configuration list for PBXProject "Recipes" */;
			developmentRegion = en;
			hasScannedForEncodings = 0;
			knownRegions = (
				en,
				Base,
			);
			mainGroup = DD8E7FFF2CC046A200163EBF;
			minimizedProjectReferenceProxies = 1;
			packageReferences = (
				DD4883262CC048300003CA4E /* XCLocalSwiftPackageReference "GeneratedAPI" */,
				DD4883382CC16C450003CA4E /* XCRemoteSwiftPackageReference "swift-composable-architecture" */,
				DD48839A2CC2A8D30003CA4E /* XCRemoteSwiftPackageReference "NetworkReachability" */,
				DD4883FD2CC2DD590003CA4E /* XCRemoteSwiftPackageReference "Kingfisher" */,
			);
			preferredProjectObjectVersion = 77;
			productRefGroup = DD8E80092CC046A200163EBF /* Products */;
			projectDirPath = "";
			projectRoot = "";
			targets = (
				DD8E80072CC046A200163EBF /* Recipes */,
				DD8E80172CC046A300163EBF /* RecipesTests */,
			);
		};
/* End PBXProject section */

/* Begin PBXResourcesBuildPhase section */
		DD8E80062CC046A200163EBF /* Resources */ = {
			isa = PBXResourcesBuildPhase;
			buildActionMask = 2147483647;
			files = (
				666B849A2CC2EEE2004ABC96 /* malformed.json in Resources */,
				666B849B2CC2EEE2004ABC96 /* empty.json in Resources */,
				666B849C2CC2EEE2004ABC96 /* valid.json in Resources */,
			);
			runOnlyForDeploymentPostprocessing = 0;
		};
		DD8E80162CC046A300163EBF /* Resources */ = {
			isa = PBXResourcesBuildPhase;
			buildActionMask = 2147483647;
			files = (
				666B849D2CC2EEE2004ABC96 /* malformed.json in Resources */,
				666B849E2CC2EEE2004ABC96 /* empty.json in Resources */,
				666B849F2CC2EEE2004ABC96 /* valid.json in Resources */,
			);
			runOnlyForDeploymentPostprocessing = 0;
		};
/* End PBXResourcesBuildPhase section */

/* Begin PBXSourcesBuildPhase section */
		DD8E80042CC046A200163EBF /* Sources */ = {
			isa = PBXSourcesBuildPhase;
			buildActionMask = 2147483647;
			files = (
			);
			runOnlyForDeploymentPostprocessing = 0;
		};
		DD8E80142CC046A300163EBF /* Sources */ = {
			isa = PBXSourcesBuildPhase;
			buildActionMask = 2147483647;
			files = (
			);
			runOnlyForDeploymentPostprocessing = 0;
		};
/* End PBXSourcesBuildPhase section */

/* Begin PBXTargetDependency section */
		DD8E801A2CC046A300163EBF /* PBXTargetDependency */ = {
			isa = PBXTargetDependency;
			target = DD8E80072CC046A200163EBF /* Recipes */;
			targetProxy = DD8E80192CC046A300163EBF /* PBXContainerItemProxy */;
		};
/* End PBXTargetDependency section */

/* Begin XCBuildConfiguration section */
		DD8E802A2CC046A300163EBF /* Debug */ = {
			isa = XCBuildConfiguration;
			buildSettings = {
				ALWAYS_SEARCH_USER_PATHS = NO;
				ASSETCATALOG_COMPILER_GENERATE_SWIFT_ASSET_SYMBOL_EXTENSIONS = YES;
				CLANG_ANALYZER_NONNULL = YES;
				CLANG_ANALYZER_NUMBER_OBJECT_CONVERSION = YES_AGGRESSIVE;
				CLANG_CXX_LANGUAGE_STANDARD = "gnu++20";
				CLANG_ENABLE_MODULES = YES;
				CLANG_ENABLE_OBJC_ARC = YES;
				CLANG_ENABLE_OBJC_WEAK = YES;
				CLANG_WARN_BLOCK_CAPTURE_AUTORELEASING = YES;
				CLANG_WARN_BOOL_CONVERSION = YES;
				CLANG_WARN_COMMA = YES;
				CLANG_WARN_CONSTANT_CONVERSION = YES;
				CLANG_WARN_DEPRECATED_OBJC_IMPLEMENTATIONS = YES;
				CLANG_WARN_DIRECT_OBJC_ISA_USAGE = YES_ERROR;
				CLANG_WARN_DOCUMENTATION_COMMENTS = YES;
				CLANG_WARN_EMPTY_BODY = YES;
				CLANG_WARN_ENUM_CONVERSION = YES;
				CLANG_WARN_INFINITE_RECURSION = YES;
				CLANG_WARN_INT_CONVERSION = YES;
				CLANG_WARN_NON_LITERAL_NULL_CONVERSION = YES;
				CLANG_WARN_OBJC_IMPLICIT_RETAIN_SELF = YES;
				CLANG_WARN_OBJC_LITERAL_CONVERSION = YES;
				CLANG_WARN_OBJC_ROOT_CLASS = YES_ERROR;
				CLANG_WARN_QUOTED_INCLUDE_IN_FRAMEWORK_HEADER = YES;
				CLANG_WARN_RANGE_LOOP_ANALYSIS = YES;
				CLANG_WARN_STRICT_PROTOTYPES = YES;
				CLANG_WARN_SUSPICIOUS_MOVE = YES;
				CLANG_WARN_UNGUARDED_AVAILABILITY = YES_AGGRESSIVE;
				CLANG_WARN_UNREACHABLE_CODE = YES;
				CLANG_WARN__DUPLICATE_METHOD_MATCH = YES;
				COPY_PHASE_STRIP = NO;
				DEBUG_INFORMATION_FORMAT = dwarf;
				ENABLE_STRICT_OBJC_MSGSEND = YES;
				ENABLE_TESTABILITY = YES;
				ENABLE_USER_SCRIPT_SANDBOXING = YES;
				GCC_C_LANGUAGE_STANDARD = gnu17;
				GCC_DYNAMIC_NO_PIC = NO;
				GCC_NO_COMMON_BLOCKS = YES;
				GCC_OPTIMIZATION_LEVEL = 0;
				GCC_PREPROCESSOR_DEFINITIONS = (
					"DEBUG=1",
					"$(inherited)",
				);
				GCC_WARN_64_TO_32_BIT_CONVERSION = YES;
				GCC_WARN_ABOUT_RETURN_TYPE = YES_ERROR;
				GCC_WARN_UNDECLARED_SELECTOR = YES;
				GCC_WARN_UNINITIALIZED_AUTOS = YES_AGGRESSIVE;
				GCC_WARN_UNUSED_FUNCTION = YES;
				GCC_WARN_UNUSED_VARIABLE = YES;
				IPHONEOS_DEPLOYMENT_TARGET = 18.0;
				LOCALIZATION_PREFERS_STRING_CATALOGS = YES;
				MTL_ENABLE_DEBUG_INFO = INCLUDE_SOURCE;
				MTL_FAST_MATH = YES;
				ONLY_ACTIVE_ARCH = YES;
				SDKROOT = iphoneos;
				SWIFT_ACTIVE_COMPILATION_CONDITIONS = "DEBUG $(inherited)";
				SWIFT_OPTIMIZATION_LEVEL = "-Onone";
			};
			name = Debug;
		};
		DD8E802B2CC046A300163EBF /* Release */ = {
			isa = XCBuildConfiguration;
			buildSettings = {
				ALWAYS_SEARCH_USER_PATHS = NO;
				ASSETCATALOG_COMPILER_GENERATE_SWIFT_ASSET_SYMBOL_EXTENSIONS = YES;
				CLANG_ANALYZER_NONNULL = YES;
				CLANG_ANALYZER_NUMBER_OBJECT_CONVERSION = YES_AGGRESSIVE;
				CLANG_CXX_LANGUAGE_STANDARD = "gnu++20";
				CLANG_ENABLE_MODULES = YES;
				CLANG_ENABLE_OBJC_ARC = YES;
				CLANG_ENABLE_OBJC_WEAK = YES;
				CLANG_WARN_BLOCK_CAPTURE_AUTORELEASING = YES;
				CLANG_WARN_BOOL_CONVERSION = YES;
				CLANG_WARN_COMMA = YES;
				CLANG_WARN_CONSTANT_CONVERSION = YES;
				CLANG_WARN_DEPRECATED_OBJC_IMPLEMENTATIONS = YES;
				CLANG_WARN_DIRECT_OBJC_ISA_USAGE = YES_ERROR;
				CLANG_WARN_DOCUMENTATION_COMMENTS = YES;
				CLANG_WARN_EMPTY_BODY = YES;
				CLANG_WARN_ENUM_CONVERSION = YES;
				CLANG_WARN_INFINITE_RECURSION = YES;
				CLANG_WARN_INT_CONVERSION = YES;
				CLANG_WARN_NON_LITERAL_NULL_CONVERSION = YES;
				CLANG_WARN_OBJC_IMPLICIT_RETAIN_SELF = YES;
				CLANG_WARN_OBJC_LITERAL_CONVERSION = YES;
				CLANG_WARN_OBJC_ROOT_CLASS = YES_ERROR;
				CLANG_WARN_QUOTED_INCLUDE_IN_FRAMEWORK_HEADER = YES;
				CLANG_WARN_RANGE_LOOP_ANALYSIS = YES;
				CLANG_WARN_STRICT_PROTOTYPES = YES;
				CLANG_WARN_SUSPICIOUS_MOVE = YES;
				CLANG_WARN_UNGUARDED_AVAILABILITY = YES_AGGRESSIVE;
				CLANG_WARN_UNREACHABLE_CODE = YES;
				CLANG_WARN__DUPLICATE_METHOD_MATCH = YES;
				COPY_PHASE_STRIP = NO;
				DEBUG_INFORMATION_FORMAT = "dwarf-with-dsym";
				ENABLE_NS_ASSERTIONS = NO;
				ENABLE_STRICT_OBJC_MSGSEND = YES;
				ENABLE_USER_SCRIPT_SANDBOXING = YES;
				GCC_C_LANGUAGE_STANDARD = gnu17;
				GCC_NO_COMMON_BLOCKS = YES;
				GCC_WARN_64_TO_32_BIT_CONVERSION = YES;
				GCC_WARN_ABOUT_RETURN_TYPE = YES_ERROR;
				GCC_WARN_UNDECLARED_SELECTOR = YES;
				GCC_WARN_UNINITIALIZED_AUTOS = YES_AGGRESSIVE;
				GCC_WARN_UNUSED_FUNCTION = YES;
				GCC_WARN_UNUSED_VARIABLE = YES;
				IPHONEOS_DEPLOYMENT_TARGET = 18.0;
				LOCALIZATION_PREFERS_STRING_CATALOGS = YES;
				MTL_ENABLE_DEBUG_INFO = NO;
				MTL_FAST_MATH = YES;
				SDKROOT = iphoneos;
				SWIFT_COMPILATION_MODE = wholemodule;
				VALIDATE_PRODUCT = YES;
			};
			name = Release;
		};
		DD8E802D2CC046A300163EBF /* Debug */ = {
			isa = XCBuildConfiguration;
			buildSettings = {
				ASSETCATALOG_COMPILER_APPICON_NAME = AppIcon;
				ASSETCATALOG_COMPILER_GLOBAL_ACCENT_COLOR_NAME = AccentColor;
				CODE_SIGN_STYLE = Automatic;
				CURRENT_PROJECT_VERSION = 1;
				DEVELOPMENT_ASSET_PATHS = "\"Recipes/Preview Content\"";
				DEVELOPMENT_TEAM = B25AC46H6Z;
				ENABLE_PREVIEWS = YES;
				GENERATE_INFOPLIST_FILE = YES;
				INFOPLIST_KEY_UIApplicationSceneManifest_Generation = YES;
				INFOPLIST_KEY_UIApplicationSupportsIndirectInputEvents = YES;
				INFOPLIST_KEY_UILaunchScreen_Generation = YES;
				INFOPLIST_KEY_UISupportedInterfaceOrientations = UIInterfaceOrientationPortrait;
				IPHONEOS_DEPLOYMENT_TARGET = 17.6;
				LD_RUNPATH_SEARCH_PATHS = (
					"$(inherited)",
					"@executable_path/Frameworks",
				);
				MARKETING_VERSION = 1.0;
				PRODUCT_BUNDLE_IDENTIFIER = com.prototype.Recipes;
				PRODUCT_NAME = "$(TARGET_NAME)";
				SUPPORTED_PLATFORMS = "iphoneos iphonesimulator";
				SUPPORTS_MACCATALYST = NO;
				SUPPORTS_MAC_DESIGNED_FOR_IPHONE_IPAD = NO;
				SUPPORTS_XR_DESIGNED_FOR_IPHONE_IPAD = NO;
				SWIFT_EMIT_LOC_STRINGS = YES;
				SWIFT_VERSION = 5.0;
				TARGETED_DEVICE_FAMILY = 1;
			};
			name = Debug;
		};
		DD8E802E2CC046A300163EBF /* Release */ = {
			isa = XCBuildConfiguration;
			buildSettings = {
				ASSETCATALOG_COMPILER_APPICON_NAME = AppIcon;
				ASSETCATALOG_COMPILER_GLOBAL_ACCENT_COLOR_NAME = AccentColor;
				CODE_SIGN_STYLE = Automatic;
				CURRENT_PROJECT_VERSION = 1;
				DEVELOPMENT_ASSET_PATHS = "\"Recipes/Preview Content\"";
				DEVELOPMENT_TEAM = B25AC46H6Z;
				ENABLE_PREVIEWS = YES;
				GENERATE_INFOPLIST_FILE = YES;
				INFOPLIST_KEY_UIApplicationSceneManifest_Generation = YES;
				INFOPLIST_KEY_UIApplicationSupportsIndirectInputEvents = YES;
				INFOPLIST_KEY_UILaunchScreen_Generation = YES;
				INFOPLIST_KEY_UISupportedInterfaceOrientations = UIInterfaceOrientationPortrait;
				IPHONEOS_DEPLOYMENT_TARGET = 17.6;
				LD_RUNPATH_SEARCH_PATHS = (
					"$(inherited)",
					"@executable_path/Frameworks",
				);
				MARKETING_VERSION = 1.0;
				PRODUCT_BUNDLE_IDENTIFIER = com.prototype.Recipes;
				PRODUCT_NAME = "$(TARGET_NAME)";
				SUPPORTED_PLATFORMS = "iphoneos iphonesimulator";
				SUPPORTS_MACCATALYST = NO;
				SUPPORTS_MAC_DESIGNED_FOR_IPHONE_IPAD = NO;
				SUPPORTS_XR_DESIGNED_FOR_IPHONE_IPAD = NO;
				SWIFT_EMIT_LOC_STRINGS = YES;
				SWIFT_VERSION = 5.0;
				TARGETED_DEVICE_FAMILY = 1;
			};
			name = Release;
		};
		DD8E80302CC046A300163EBF /* Debug */ = {
			isa = XCBuildConfiguration;
			buildSettings = {
				BUNDLE_LOADER = "$(TEST_HOST)";
				CODE_SIGN_STYLE = Automatic;
				CURRENT_PROJECT_VERSION = 1;
				GENERATE_INFOPLIST_FILE = YES;
				IPHONEOS_DEPLOYMENT_TARGET = 18.0;
				MARKETING_VERSION = 1.0;
				PRODUCT_BUNDLE_IDENTIFIER = com.prototype.RecipesTests;
				PRODUCT_NAME = "$(TARGET_NAME)";
				SWIFT_EMIT_LOC_STRINGS = NO;
				SWIFT_VERSION = 5.0;
				TARGETED_DEVICE_FAMILY = "1,2";
				TEST_HOST = "$(BUILT_PRODUCTS_DIR)/Recipes.app/$(BUNDLE_EXECUTABLE_FOLDER_PATH)/Recipes";
			};
			name = Debug;
		};
		DD8E80312CC046A300163EBF /* Release */ = {
			isa = XCBuildConfiguration;
			buildSettings = {
				BUNDLE_LOADER = "$(TEST_HOST)";
				CODE_SIGN_STYLE = Automatic;
				CURRENT_PROJECT_VERSION = 1;
				GENERATE_INFOPLIST_FILE = YES;
				IPHONEOS_DEPLOYMENT_TARGET = 18.0;
				MARKETING_VERSION = 1.0;
				PRODUCT_BUNDLE_IDENTIFIER = com.prototype.RecipesTests;
				PRODUCT_NAME = "$(TARGET_NAME)";
				SWIFT_EMIT_LOC_STRINGS = NO;
				SWIFT_VERSION = 5.0;
				TARGETED_DEVICE_FAMILY = "1,2";
				TEST_HOST = "$(BUILT_PRODUCTS_DIR)/Recipes.app/$(BUNDLE_EXECUTABLE_FOLDER_PATH)/Recipes";
			};
			name = Release;
		};
/* End XCBuildConfiguration section */

/* Begin XCConfigurationList section */
		DD8E80032CC046A200163EBF /* Build configuration list for PBXProject "Recipes" */ = {
			isa = XCConfigurationList;
			buildConfigurations = (
				DD8E802A2CC046A300163EBF /* Debug */,
				DD8E802B2CC046A300163EBF /* Release */,
			);
			defaultConfigurationIsVisible = 0;
			defaultConfigurationName = Release;
		};
		DD8E802C2CC046A300163EBF /* Build configuration list for PBXNativeTarget "Recipes" */ = {
			isa = XCConfigurationList;
			buildConfigurations = (
				DD8E802D2CC046A300163EBF /* Debug */,
				DD8E802E2CC046A300163EBF /* Release */,
			);
			defaultConfigurationIsVisible = 0;
			defaultConfigurationName = Release;
		};
		DD8E802F2CC046A300163EBF /* Build configuration list for PBXNativeTarget "RecipesTests" */ = {
			isa = XCConfigurationList;
			buildConfigurations = (
				DD8E80302CC046A300163EBF /* Debug */,
				DD8E80312CC046A300163EBF /* Release */,
			);
			defaultConfigurationIsVisible = 0;
			defaultConfigurationName = Release;
		};
/* End XCConfigurationList section */

/* Begin XCLocalSwiftPackageReference section */
		DD4883262CC048300003CA4E /* XCLocalSwiftPackageReference "GeneratedAPI" */ = {
			isa = XCLocalSwiftPackageReference;
			relativePath = GeneratedAPI;
		};
/* End XCLocalSwiftPackageReference section */

/* Begin XCRemoteSwiftPackageReference section */
		DD4883382CC16C450003CA4E /* XCRemoteSwiftPackageReference "swift-composable-architecture" */ = {
			isa = XCRemoteSwiftPackageReference;
			repositoryURL = "https://github.com/pointfreeco/swift-composable-architecture.git";
			requirement = {
				kind = upToNextMajorVersion;
				minimumVersion = 1.15.1;
			};
		};
		DD48839A2CC2A8D30003CA4E /* XCRemoteSwiftPackageReference "NetworkReachability" */ = {
			isa = XCRemoteSwiftPackageReference;
			repositoryURL = "https://github.com/vsanthanam/NetworkReachability.git";
			requirement = {
				kind = upToNextMajorVersion;
				minimumVersion = 1.5.1;
			};
		};
		DD4883FD2CC2DD590003CA4E /* XCRemoteSwiftPackageReference "Kingfisher" */ = {
			isa = XCRemoteSwiftPackageReference;
			repositoryURL = "https://github.com/onevcat/Kingfisher.git";
			requirement = {
				kind = upToNextMajorVersion;
				minimumVersion = 8.1.0;
			};
		};
/* End XCRemoteSwiftPackageReference section */

/* Begin XCSwiftPackageProductDependency section */
		DD4883272CC048300003CA4E /* OpenAPIClient */ = {
			isa = XCSwiftPackageProductDependency;
			productName = OpenAPIClient;
		};
		DD4883392CC16C450003CA4E /* ComposableArchitecture */ = {
			isa = XCSwiftPackageProductDependency;
			package = DD4883382CC16C450003CA4E /* XCRemoteSwiftPackageReference "swift-composable-architecture" */;
			productName = ComposableArchitecture;
		};
		DD48839B2CC2A8D30003CA4E /* NetworkReachability */ = {
			isa = XCSwiftPackageProductDependency;
			package = DD48839A2CC2A8D30003CA4E /* XCRemoteSwiftPackageReference "NetworkReachability" */;
			productName = NetworkReachability;
		};
		DD4883FE2CC2DD590003CA4E /* Kingfisher */ = {
			isa = XCSwiftPackageProductDependency;
			package = DD4883FD2CC2DD590003CA4E /* XCRemoteSwiftPackageReference "Kingfisher" */;
			productName = Kingfisher;
		};
/* End XCSwiftPackageProductDependency section */
	};
	rootObject = DD8E80002CC046A200163EBF /* Project object */;
}
